<?xml version="1.0" encoding="utf-8"?>
<Project ToolsVersion="4.0" xmlns="http://schemas.microsoft.com/developer/msbuild/2003">
  <ItemGroup>
    <Filter Include="OpenBMP">
      <UniqueIdentifier>{8bdff15d-435d-4421-8c98-3fc5bb3f4eff}</UniqueIdentifier>
    </Filter>
    <Filter Include="bilinear">
      <UniqueIdentifier>{d068df30-3d84-4fae-95c6-dd8287da2372}</UniqueIdentifier>
    </Filter>
    <Filter Include="CudaMem">
      <UniqueIdentifier>{6cf22ab1-5f79-4d8b-9884-f19aa633bdd0}</UniqueIdentifier>
    </Filter>
    <Filter Include="LapBlend">
      <UniqueIdentifier>{79b2e228-3a02-49a0-9c99-c0077f0d1b08}</UniqueIdentifier>
    </Filter>
  </ItemGroup>
  <ItemGroup>
    <ClCompile Include="OpenBMP\OpenBMP.cpp">
      <Filter>OpenBMP</Filter>
    </ClCompile>
    <ClCompile Include="bilinear_main.cpp" />
    <ClCompile Include="LapBlend\LapBlend.cpp">
      <Filter>LapBlend</Filter>
    </ClCompile>
  </ItemGroup>
  <ItemGroup>
    <ClInclude Include="OpenBMP\OpenBMP.hpp">
      <Filter>OpenBMP</Filter>
    </ClInclude>
    <ClInclude Include="CudaMem\CudaMem.cuh">
      <Filter>CudaMem</Filter>
    </ClInclude>
    <ClInclude Include="cubilinear\cubilinear.hpp">
      <Filter>bilinear</Filter>
    </ClInclude>
    <ClInclude Include="LapBlend\LapBlend.hpp">
      <Filter>LapBlend</Filter>
    </ClInclude>
  </ItemGroup>
  <ItemGroup>
    <CudaCompile Include="cubilinear\cubilinear.cu">
      <Filter>bilinear</Filter>
    </CudaCompile>
  </ItemGroup>
</Project>